
Microsoft Visual Studio Solution File, Format Version 12.00
# Visual Studio Version 17
VisualStudioVersion = 17.11.35312.102
MinimumVisualStudioVersion = 10.0.40219.1
Project("{FAE04EC0-301F-11D3-BF4B-00C04F79EFBC}") = "LoadDATA", "LoadDATA\LoadDATA.csproj", "{057C0A1A-401B-4730-A057-4138049E55C1}"
EndProject
Project("{FAE04EC0-301F-11D3-BF4B-00C04F79EFBC}") = "LoadWorkerService", "LoadWorkerService\LoadWorkerService.csproj", "{60849C2A-910D-403E-9A88-7A9D71281C62}"
EndProject
Global
	GlobalSection(SolutionConfigurationPlatforms) = preSolution
		Debug|Any CPU = Debug|Any CPU
		Release|Any CPU = Release|Any CPU
	EndGlobalSection
	GlobalSection(ProjectConfigurationPlatforms) = postSolution
		{057C0A1A-401B-4730-A057-4138049E55C1}.Debug|Any CPU.ActiveCfg = Debug|Any CPU
		{057C0A1A-401B-4730-A057-4138049E55C1}.Debug|Any CPU.Build.0 = Debug|Any CPU
		{057C0A1A-401B-4730-A057-4138049E55C1}.Release|Any CPU.ActiveCfg = Release|Any CPU
		{057C0A1A-401B-4730-A057-4138049E55C1}.Release|Any CPU.Build.0 = Release|Any CPU
		{60849C2A-910D-403E-9A88-7A9D71281C62}.Debug|Any CPU.ActiveCfg = Debug|Any CPU
		{60849C2A-910D-403E-9A88-7A9D71281C62}.Debug|Any CPU.Build.0 = Debug|Any CPU
		{60849C2A-910D-403E-9A88-7A9D71281C62}.Release|Any CPU.ActiveCfg = Release|Any CPU
		{60849C2A-910D-403E-9A88-7A9D71281C62}.Release|Any CPU.Build.0 = Release|Any CPU
	EndGlobalSection
	GlobalSection(SolutionProperties) = preSolution
		HideSolutionNode = FALSE
	EndGlobalSection
	GlobalSection(ExtensibilityGlobals) = postSolution
		SolutionGuid = {998470C5-CA06-4714-8F7F-5DB3B7148184}
	EndGlobalSection
EndGlobal
